# This file is autogenerated, do not edit; changes may be undone by the next 'dep ensure'.


[[projects]]
  name = "github.com/hashicorp/consul"
  packages = ["api"]
  revision = "b79d951ced8c5f18fe73d35b2806f3435e40cd64"
  version = "v0.9.0"

[[projects]]
  branch = "master"
  name = "github.com/hashicorp/go-cleanhttp"
  packages = ["."]
  revision = "3573b8b52aa7b37b9358d966a898feb387f62437"

[[projects]]
  branch = "master"
  name = "github.com/hashicorp/go-rootcerts"
  packages = ["."]
  revision = "6bb64b370b90e7ef1fa532be9e591a81c3493e00"

[[projects]]
  name = "github.com/hashicorp/serf"
  packages = ["coordinate"]
  revision = "d6574a5bb1226678d7010325fb6c985db20ee458"
  version = "v0.8.1"

[[projects]]
  branch = "master"
  name = "github.com/mitchellh/go-homedir"
  packages = ["."]
  revision = "b8bc1bf767474819792c23f32d8286a45736f1c6"

[solve-meta]
  analyzer-name = "dep"
  analyzer-version = 1
  inputs-digest = "074327747b2122043b2c8b79018177e9e89b27bb16123af0df2f8f1dc6487c11"
  solver-name = "gps-cdcl"
  solver-version = 1
